
Microsoft Visual Studio Solution File, Format Version 12.00
# Visual Studio 14
VisualStudioVersion = 14.0.25420.1
MinimumVisualStudioVersion = 10.0.40219.1
Project("{FAE04EC0-301F-11D3-BF4B-00C04F79EFBC}") = "Vehicle Rental System", "Vehicle Rental System\Vehicle Rental System.csproj", "{28AD4090-920B-4636-963B-6451EF62C931}"
EndProject
Project("{FAE04EC0-301F-11D3-BF4B-00C04F79EFBC}") = "Business Layer", "Business Layer\Business Layer.csproj", "{EFF0C5B8-F727-4FE7-9CD1-E57D09EB91B9}"
EndProject
Project("{FAE04EC0-301F-11D3-BF4B-00C04F79EFBC}") = "Data Layer", "Data Layer\Data Layer.csproj", "{844263E9-7B3A-4836-A145-004F5A930D57}"
EndProject
Global
	GlobalSection(SolutionConfigurationPlatforms) = preSolution
		Debug|Any CPU = Debug|Any CPU
		Release|Any CPU = Release|Any CPU
	EndGlobalSection
	GlobalSection(ProjectConfigurationPlatforms) = postSolution
		{28AD4090-920B-4636-963B-6451EF62C931}.Debug|Any CPU.ActiveCfg = Debug|Any CPU
		{28AD4090-920B-4636-963B-6451EF62C931}.Debug|Any CPU.Build.0 = Debug|Any CPU
		{28AD4090-920B-4636-963B-6451EF62C931}.Release|Any CPU.ActiveCfg = Release|Any CPU
		{28AD4090-920B-4636-963B-6451EF62C931}.Release|Any CPU.Build.0 = Release|Any CPU
		{EFF0C5B8-F727-4FE7-9CD1-E57D09EB91B9}.Debug|Any CPU.ActiveCfg = Debug|Any CPU
		{EFF0C5B8-F727-4FE7-9CD1-E57D09EB91B9}.Debug|Any CPU.Build.0 = Debug|Any CPU
		{EFF0C5B8-F727-4FE7-9CD1-E57D09EB91B9}.Release|Any CPU.ActiveCfg = Release|Any CPU
		{EFF0C5B8-F727-4FE7-9CD1-E57D09EB91B9}.Release|Any CPU.Build.0 = Release|Any CPU
		{844263E9-7B3A-4836-A145-004F5A930D57}.Debug|Any CPU.ActiveCfg = Debug|Any CPU
		{844263E9-7B3A-4836-A145-004F5A930D57}.Debug|Any CPU.Build.0 = Debug|Any CPU
		{844263E9-7B3A-4836-A145-004F5A930D57}.Release|Any CPU.ActiveCfg = Release|Any CPU
		{844263E9-7B3A-4836-A145-004F5A930D57}.Release|Any CPU.Build.0 = Release|Any CPU
	EndGlobalSection
	GlobalSection(SolutionProperties) = preSolution
		HideSolutionNode = FALSE
	EndGlobalSection
EndGlobal
